PODS:
  - CocoaLumberjack (1.6.5.1):
    - CocoaLumberjack/Core
    - CocoaLumberjack/Extensions
  - CocoaLumberjack/Core (1.6.5.1)
  - CocoaLumberjack/Extensions (1.6.5.1):
    - CocoaLumberjack/Core
  - DNTFeatures (0.4):
    - YapDatabase (~> 2)
  - YapDatabase (2.4.2):
    - YapDatabase/standard
  - YapDatabase/common (2.4.2):
    - CocoaLumberjack (~> 1.6.3)
  - YapDatabase/standard (2.4.2):
    - YapDatabase/common

DEPENDENCIES:
  - DNTFeatures (from `../../DNTFeatures.podspec`)

EXTERNAL SOURCES:
  DNTFeatures:
    :path: ../../DNTFeatures.podspec

SPEC CHECKSUMS:
  CocoaLumberjack: baf4a09a3bcbdfea3363556a90104e026d3504e2
  DNTFeatures: 92cf7a714928bc3151b4b767a29c136f3eecaa6a
  YapDatabase: 269e2799fe19c7a517521783b909d11873dcb0c8

COCOAPODS: 0.33.1
