// !$*UTF8*$!
{
	archiveVersion = 1;
	classes = {
	};
	objectVersion = 46;
	objects = {

/* Begin PBXBuildFile section */
		22967DA68A494BAEB9AD0D85 /* libPods.a in Frameworks */ = {isa = PBXBuildFile; fileRef = 7BB4244D744F4C318528C956 /* libPods.a */; };
		6551EF40190A7C2400A37B47 /* DNTFeature.m in Sources */ = {isa = PBXBuildFile; fileRef = 6551EF3F190A7C2400A37B47 /* DNTFeature.m */; };
		6551EF44190A828F00A37B47 /* YapDatabase+DNTFeatures.m in Sources */ = {isa = PBXBuildFile; fileRef = 6551EF43190A828F00A37B47 /* YapDatabase+DNTFeatures.m */; };
		6551EF48190A88BE00A37B47 /* DNTFeaturesController.m in Sources */ = {isa = PBXBuildFile; fileRef = 6551EF46190A88BE00A37B47 /* DNTFeaturesController.m */; };
		6551EF4C190A892800A37B47 /* DNTFeaturesDataProvider.m in Sources */ = {isa = PBXBuildFile; fileRef = 6551EF4B190A892800A37B47 /* DNTFeaturesDataProvider.m */; };
		6551EF4F190A8A1300A37B47 /* DNTFeatures.m in Sources */ = {isa = PBXBuildFile; fileRef = 6551EF4E190A8A1300A37B47 /* DNTFeatures.m */; };
		6551EF56190A8C0600A37B47 /* DNTToggleCell.m in Sources */ = {isa = PBXBuildFile; fileRef = 6551EF54190A8C0600A37B47 /* DNTToggleCell.m */; };
		6551EF9C190AD21A00A37B47 /* DNTDebugSetting.m in Sources */ = {isa = PBXBuildFile; fileRef = 6551EF9B190AD21A00A37B47 /* DNTDebugSetting.m */; };
		6551EF9F190AD4E900A37B47 /* DNTDebugSettingToggle.m in Sources */ = {isa = PBXBuildFile; fileRef = 6551EF9E190AD4E900A37B47 /* DNTDebugSettingToggle.m */; };
		6551EFA2190AD62600A37B47 /* DNTDebugSettingSelect.m in Sources */ = {isa = PBXBuildFile; fileRef = 6551EFA1190AD62600A37B47 /* DNTDebugSettingSelect.m */; };
		6551EFA5190ADD4100A37B47 /* DNTFeature+DebugSettings.m in Sources */ = {isa = PBXBuildFile; fileRef = 6551EFA4190ADD4100A37B47 /* DNTFeature+DebugSettings.m */; };
		6551EFA9190AE23400A37B47 /* DNTDebugSettingsController.m in Sources */ = {isa = PBXBuildFile; fileRef = 6551EFA8190AE23400A37B47 /* DNTDebugSettingsController.m */; };
		6551F00F191115A600A37B47 /* DNTDebugSettingsControllerDependencies.m in Sources */ = {isa = PBXBuildFile; fileRef = 6551F00E191115A600A37B47 /* DNTDebugSettingsControllerDependencies.m */; };
		6551F01719111B1A00A37B47 /* DNTDebugSettingsDataProvider.m in Sources */ = {isa = PBXBuildFile; fileRef = 6551F01619111B1A00A37B47 /* DNTDebugSettingsDataProvider.m */; };
		65FC16A2190A69270034CA80 /* Foundation.framework in Frameworks */ = {isa = PBXBuildFile; fileRef = 65FC16A1190A69270034CA80 /* Foundation.framework */; };
		65FC16B0190A69270034CA80 /* XCTest.framework in Frameworks */ = {isa = PBXBuildFile; fileRef = 65FC16AF190A69270034CA80 /* XCTest.framework */; };
		65FC16B1190A69270034CA80 /* Foundation.framework in Frameworks */ = {isa = PBXBuildFile; fileRef = 65FC16A1190A69270034CA80 /* Foundation.framework */; };
		65FC16B3190A69270034CA80 /* UIKit.framework in Frameworks */ = {isa = PBXBuildFile; fileRef = 65FC16B2190A69270034CA80 /* UIKit.framework */; };
		65FC16B6190A69270034CA80 /* libDNTFeatures.a in Frameworks */ = {isa = PBXBuildFile; fileRef = 65FC169E190A69270034CA80 /* libDNTFeatures.a */; };
		65FC16BC190A69270034CA80 /* InfoPlist.strings in Resources */ = {isa = PBXBuildFile; fileRef = 65FC16BA190A69270034CA80 /* InfoPlist.strings */; };
		F216A5A8908A4D738E4791D7 /* libPods-DNTFeaturesTests.a in Frameworks */ = {isa = PBXBuildFile; fileRef = C220BFE9B2274B489F3BEC7F /* libPods-DNTFeaturesTests.a */; };
/* End PBXBuildFile section */

/* Begin PBXContainerItemProxy section */
		65FC16B4190A69270034CA80 /* PBXContainerItemProxy */ = {
			isa = PBXContainerItemProxy;
			containerPortal = 65FC1696190A69270034CA80 /* Project object */;
			proxyType = 1;
			remoteGlobalIDString = 65FC169D190A69270034CA80;
			remoteInfo = DNTFeatures;
		};
/* End PBXContainerItemProxy section */

/* Begin PBXCopyFilesBuildPhase section */
		65FC169C190A69270034CA80 /* CopyFiles */ = {
			isa = PBXCopyFilesBuildPhase;
			buildActionMask = 2147483647;
			dstPath = "include/$(PRODUCT_NAME)";
			dstSubfolderSpec = 16;
			files = (
			);
			runOnlyForDeploymentPostprocessing = 0;
		};
/* End PBXCopyFilesBuildPhase section */

/* Begin PBXFileReference section */
		57295270A62A4A33BDE7BDB6 /* Pods.xcconfig */ = {isa = PBXFileReference; includeInIndex = 1; lastKnownFileType = text.xcconfig; name = Pods.xcconfig; path = Pods/Pods.xcconfig; sourceTree = "<group>"; };
		6551EF3E190A7C2400A37B47 /* DNTFeature.h */ = {isa = PBXFileReference; fileEncoding = 4; lastKnownFileType = sourcecode.c.h; name = DNTFeature.h; path = ../../sources/DNTFeature.h; sourceTree = "<group>"; };
		6551EF3F190A7C2400A37B47 /* DNTFeature.m */ = {isa = PBXFileReference; fileEncoding = 4; lastKnownFileType = sourcecode.c.objc; name = DNTFeature.m; path = ../../sources/DNTFeature.m; sourceTree = "<group>"; };
		6551EF42190A828F00A37B47 /* YapDatabase+DNTFeatures.h */ = {isa = PBXFileReference; fileEncoding = 4; lastKnownFileType = sourcecode.c.h; name = "YapDatabase+DNTFeatures.h"; path = "../../sources/YapDatabase+DNTFeatures.h"; sourceTree = "<group>"; };
		6551EF43190A828F00A37B47 /* YapDatabase+DNTFeatures.m */ = {isa = PBXFileReference; fileEncoding = 4; lastKnownFileType = sourcecode.c.objc; name = "YapDatabase+DNTFeatures.m"; path = "../../sources/YapDatabase+DNTFeatures.m"; sourceTree = "<group>"; };
		6551EF45190A88BE00A37B47 /* DNTFeaturesController.h */ = {isa = PBXFileReference; fileEncoding = 4; lastKnownFileType = sourcecode.c.h; name = DNTFeaturesController.h; path = ../../sources/DNTFeaturesController.h; sourceTree = "<group>"; };
		6551EF46190A88BE00A37B47 /* DNTFeaturesController.m */ = {isa = PBXFileReference; fileEncoding = 4; lastKnownFileType = sourcecode.c.objc; name = DNTFeaturesController.m; path = ../../sources/DNTFeaturesController.m; sourceTree = "<group>"; };
		6551EF4A190A892800A37B47 /* DNTFeaturesDataProvider.h */ = {isa = PBXFileReference; fileEncoding = 4; lastKnownFileType = sourcecode.c.h; name = DNTFeaturesDataProvider.h; path = ../../sources/DNTFeaturesDataProvider.h; sourceTree = "<group>"; };
		6551EF4B190A892800A37B47 /* DNTFeaturesDataProvider.m */ = {isa = PBXFileReference; fileEncoding = 4; lastKnownFileType = sourcecode.c.objc; name = DNTFeaturesDataProvider.m; path = ../../sources/DNTFeaturesDataProvider.m; sourceTree = "<group>"; };
		6551EF4D190A8A1300A37B47 /* DNTFeatures.h */ = {isa = PBXFileReference; fileEncoding = 4; lastKnownFileType = sourcecode.c.h; name = DNTFeatures.h; path = ../../sources/DNTFeatures.h; sourceTree = "<group>"; };
		6551EF4E190A8A1300A37B47 /* DNTFeatures.m */ = {isa = PBXFileReference; fileEncoding = 4; lastKnownFileType = sourcecode.c.objc; name = DNTFeatures.m; path = ../../sources/DNTFeatures.m; sourceTree = "<group>"; };
		6551EF53190A8C0600A37B47 /* DNTToggleCell.h */ = {isa = PBXFileReference; fileEncoding = 4; lastKnownFileType = sourcecode.c.h; name = DNTToggleCell.h; path = ../../sources/DNTToggleCell.h; sourceTree = "<group>"; };
		6551EF54190A8C0600A37B47 /* DNTToggleCell.m */ = {isa = PBXFileReference; fileEncoding = 4; lastKnownFileType = sourcecode.c.objc; name = DNTToggleCell.m; path = ../../sources/DNTToggleCell.m; sourceTree = "<group>"; };
		6551EF9A190AD21A00A37B47 /* DNTDebugSetting.h */ = {isa = PBXFileReference; fileEncoding = 4; lastKnownFileType = sourcecode.c.h; name = DNTDebugSetting.h; path = ../../sources/DNTDebugSetting.h; sourceTree = "<group>"; };
		6551EF9B190AD21A00A37B47 /* DNTDebugSetting.m */ = {isa = PBXFileReference; fileEncoding = 4; lastKnownFileType = sourcecode.c.objc; name = DNTDebugSetting.m; path = ../../sources/DNTDebugSetting.m; sourceTree = "<group>"; };
		6551EF9D190AD4E900A37B47 /* DNTDebugSettingToggle.h */ = {isa = PBXFileReference; fileEncoding = 4; lastKnownFileType = sourcecode.c.h; name = DNTDebugSettingToggle.h; path = ../../sources/DNTDebugSettingToggle.h; sourceTree = "<group>"; };
		6551EF9E190AD4E900A37B47 /* DNTDebugSettingToggle.m */ = {isa = PBXFileReference; fileEncoding = 4; lastKnownFileType = sourcecode.c.objc; name = DNTDebugSettingToggle.m; path = ../../sources/DNTDebugSettingToggle.m; sourceTree = "<group>"; };
		6551EFA0190AD62600A37B47 /* DNTDebugSettingSelect.h */ = {isa = PBXFileReference; fileEncoding = 4; lastKnownFileType = sourcecode.c.h; name = DNTDebugSettingSelect.h; path = ../../sources/DNTDebugSettingSelect.h; sourceTree = "<group>"; };
		6551EFA1190AD62600A37B47 /* DNTDebugSettingSelect.m */ = {isa = PBXFileReference; fileEncoding = 4; lastKnownFileType = sourcecode.c.objc; name = DNTDebugSettingSelect.m; path = ../../sources/DNTDebugSettingSelect.m; sourceTree = "<group>"; };
		6551EFA3190ADD4100A37B47 /* DNTFeature+DebugSettings.h */ = {isa = PBXFileReference; fileEncoding = 4; lastKnownFileType = sourcecode.c.h; name = "DNTFeature+DebugSettings.h"; path = "../../sources/DNTFeature+DebugSettings.h"; sourceTree = "<group>"; };
		6551EFA4190ADD4100A37B47 /* DNTFeature+DebugSettings.m */ = {isa = PBXFileReference; fileEncoding = 4; lastKnownFileType = sourcecode.c.objc; name = "DNTFeature+DebugSettings.m"; path = "../../sources/DNTFeature+DebugSettings.m"; sourceTree = "<group>"; };
		6551EFA6190AE12000A37B47 /* Features~iphone.storyboard */ = {isa = PBXFileReference; fileEncoding = 4; lastKnownFileType = file.storyboard; name = "Features~iphone.storyboard"; path = "../../resources/Features~iphone.storyboard"; sourceTree = "<group>"; };
		6551EFA7190AE23400A37B47 /* DNTDebugSettingsController.h */ = {isa = PBXFileReference; fileEncoding = 4; lastKnownFileType = sourcecode.c.h; name = DNTDebugSettingsController.h; path = ../../sources/DNTDebugSettingsController.h; sourceTree = "<group>"; };
		6551EFA8190AE23400A37B47 /* DNTDebugSettingsController.m */ = {isa = PBXFileReference; fileEncoding = 4; lastKnownFileType = sourcecode.c.objc; name = DNTDebugSettingsController.m; path = ../../sources/DNTDebugSettingsController.m; sourceTree = "<group>"; };
		6551F00D191115A600A37B47 /* DNTDebugSettingsControllerDependencies.h */ = {isa = PBXFileReference; fileEncoding = 4; lastKnownFileType = sourcecode.c.h; name = DNTDebugSettingsControllerDependencies.h; path = ../../sources/DNTDebugSettingsControllerDependencies.h; sourceTree = "<group>"; };
		6551F00E191115A600A37B47 /* DNTDebugSettingsControllerDependencies.m */ = {isa = PBXFileReference; fileEncoding = 4; lastKnownFileType = sourcecode.c.objc; name = DNTDebugSettingsControllerDependencies.m; path = ../../sources/DNTDebugSettingsControllerDependencies.m; sourceTree = "<group>"; };
		6551F01519111B1A00A37B47 /* DNTDebugSettingsDataProvider.h */ = {isa = PBXFileReference; fileEncoding = 4; lastKnownFileType = sourcecode.c.h; name = DNTDebugSettingsDataProvider.h; path = ../../sources/DNTDebugSettingsDataProvider.h; sourceTree = "<group>"; };
		6551F01619111B1A00A37B47 /* DNTDebugSettingsDataProvider.m */ = {isa = PBXFileReference; fileEncoding = 4; lastKnownFileType = sourcecode.c.objc; name = DNTDebugSettingsDataProvider.m; path = ../../sources/DNTDebugSettingsDataProvider.m; sourceTree = "<group>"; };
		65FC169E190A69270034CA80 /* libDNTFeatures.a */ = {isa = PBXFileReference; explicitFileType = archive.ar; includeInIndex = 0; path = libDNTFeatures.a; sourceTree = BUILT_PRODUCTS_DIR; };
		65FC16A1190A69270034CA80 /* Foundation.framework */ = {isa = PBXFileReference; lastKnownFileType = wrapper.framework; name = Foundation.framework; path = System/Library/Frameworks/Foundation.framework; sourceTree = SDKROOT; };
		65FC16A5190A69270034CA80 /* DNTFeatures-Prefix.pch */ = {isa = PBXFileReference; lastKnownFileType = sourcecode.c.h; path = "DNTFeatures-Prefix.pch"; sourceTree = "<group>"; };
		65FC16AE190A69270034CA80 /* DNTFeaturesTests.xctest */ = {isa = PBXFileReference; explicitFileType = wrapper.cfbundle; includeInIndex = 0; path = DNTFeaturesTests.xctest; sourceTree = BUILT_PRODUCTS_DIR; };
		65FC16AF190A69270034CA80 /* XCTest.framework */ = {isa = PBXFileReference; lastKnownFileType = wrapper.framework; name = XCTest.framework; path = Library/Frameworks/XCTest.framework; sourceTree = DEVELOPER_DIR; };
		65FC16B2190A69270034CA80 /* UIKit.framework */ = {isa = PBXFileReference; lastKnownFileType = wrapper.framework; name = UIKit.framework; path = Library/Frameworks/UIKit.framework; sourceTree = DEVELOPER_DIR; };
		65FC16B9190A69270034CA80 /* DNTFeaturesTests-Info.plist */ = {isa = PBXFileReference; lastKnownFileType = text.plist.xml; path = "DNTFeaturesTests-Info.plist"; sourceTree = "<group>"; };
		65FC16BB190A69270034CA80 /* en */ = {isa = PBXFileReference; lastKnownFileType = text.plist.strings; name = en; path = en.lproj/InfoPlist.strings; sourceTree = "<group>"; };
		7BB4244D744F4C318528C956 /* libPods.a */ = {isa = PBXFileReference; explicitFileType = archive.ar; includeInIndex = 0; path = libPods.a; sourceTree = BUILT_PRODUCTS_DIR; };
		ADD192FD2B074C9D85F04BF4 /* Pods-DNTFeaturesTests.xcconfig */ = {isa = PBXFileReference; includeInIndex = 1; lastKnownFileType = text.xcconfig; name = "Pods-DNTFeaturesTests.xcconfig"; path = "Pods/Pods-DNTFeaturesTests.xcconfig"; sourceTree = "<group>"; };
		C220BFE9B2274B489F3BEC7F /* libPods-DNTFeaturesTests.a */ = {isa = PBXFileReference; explicitFileType = archive.ar; includeInIndex = 0; path = "libPods-DNTFeaturesTests.a"; sourceTree = BUILT_PRODUCTS_DIR; };
/* End PBXFileReference section */

/* Begin PBXFrameworksBuildPhase section */
		65FC169B190A69270034CA80 /* Frameworks */ = {
			isa = PBXFrameworksBuildPhase;
			buildActionMask = 2147483647;
			files = (
				65FC16A2190A69270034CA80 /* Foundation.framework in Frameworks */,
				22967DA68A494BAEB9AD0D85 /* libPods.a in Frameworks */,
			);
			runOnlyForDeploymentPostprocessing = 0;
		};
		65FC16AB190A69270034CA80 /* Frameworks */ = {
			isa = PBXFrameworksBuildPhase;
			buildActionMask = 2147483647;
			files = (
				65FC16B0190A69270034CA80 /* XCTest.framework in Frameworks */,
				65FC16B3190A69270034CA80 /* UIKit.framework in Frameworks */,
				65FC16B1190A69270034CA80 /* Foundation.framework in Frameworks */,
				65FC16B6190A69270034CA80 /* libDNTFeatures.a in Frameworks */,
				F216A5A8908A4D738E4791D7 /* libPods-DNTFeaturesTests.a in Frameworks */,
			);
			runOnlyForDeploymentPostprocessing = 0;
		};
/* End PBXFrameworksBuildPhase section */

/* Begin PBXGroup section */
		6551EF41190A7C3400A37B47 /* Features */ = {
			isa = PBXGroup;
			children = (
				6551EF99190AD1FB00A37B47 /* Debug */,
				6551EF3E190A7C2400A37B47 /* DNTFeature.h */,
				6551EF3F190A7C2400A37B47 /* DNTFeature.m */,
				6551EF42190A828F00A37B47 /* YapDatabase+DNTFeatures.h */,
				6551EF43190A828F00A37B47 /* YapDatabase+DNTFeatures.m */,
				6551EF49190A890600A37B47 /* Controllers */,
				6551EF4D190A8A1300A37B47 /* DNTFeatures.h */,
				6551EF4E190A8A1300A37B47 /* DNTFeatures.m */,
			);
			name = Features;
			sourceTree = "<group>";
		};
		6551EF49190A890600A37B47 /* Controllers */ = {
			isa = PBXGroup;
			children = (
				6551EFA7190AE23400A37B47 /* DNTDebugSettingsController.h */,
				6551EFA8190AE23400A37B47 /* DNTDebugSettingsController.m */,
				6551EF45190A88BE00A37B47 /* DNTFeaturesController.h */,
				6551EF46190A88BE00A37B47 /* DNTFeaturesController.m */,
				6551EF4A190A892800A37B47 /* DNTFeaturesDataProvider.h */,
				6551EF4B190A892800A37B47 /* DNTFeaturesDataProvider.m */,
				6551EF53190A8C0600A37B47 /* DNTToggleCell.h */,
				6551EF54190A8C0600A37B47 /* DNTToggleCell.m */,
				6551EFA6190AE12000A37B47 /* Features~iphone.storyboard */,
				6551F01519111B1A00A37B47 /* DNTDebugSettingsDataProvider.h */,
				6551F01619111B1A00A37B47 /* DNTDebugSettingsDataProvider.m */,
			);
			name = Controllers;
			sourceTree = "<group>";
		};
		6551EF99190AD1FB00A37B47 /* Debug */ = {
			isa = PBXGroup;
			children = (
				6551F01419111AEC00A37B47 /* Models */,
				6551EFA3190ADD4100A37B47 /* DNTFeature+DebugSettings.h */,
				6551EFA4190ADD4100A37B47 /* DNTFeature+DebugSettings.m */,
				6551F00D191115A600A37B47 /* DNTDebugSettingsControllerDependencies.h */,
				6551F00E191115A600A37B47 /* DNTDebugSettingsControllerDependencies.m */,
			);
			name = Debug;
			sourceTree = "<group>";
		};
		6551F01419111AEC00A37B47 /* Models */ = {
			isa = PBXGroup;
			children = (
				6551EF9A190AD21A00A37B47 /* DNTDebugSetting.h */,
				6551EF9B190AD21A00A37B47 /* DNTDebugSetting.m */,
				6551EF9D190AD4E900A37B47 /* DNTDebugSettingToggle.h */,
				6551EF9E190AD4E900A37B47 /* DNTDebugSettingToggle.m */,
				6551EFA0190AD62600A37B47 /* DNTDebugSettingSelect.h */,
				6551EFA1190AD62600A37B47 /* DNTDebugSettingSelect.m */,
			);
			name = Models;
			sourceTree = "<group>";
		};
		65FC1695190A69270034CA80 = {
			isa = PBXGroup;
			children = (
				65FC16A3190A69270034CA80 /* DNTFeatures */,
				65FC16B7190A69270034CA80 /* DNTFeaturesTests */,
				65FC16A0190A69270034CA80 /* Frameworks */,
				65FC169F190A69270034CA80 /* Products */,
				57295270A62A4A33BDE7BDB6 /* Pods.xcconfig */,
				ADD192FD2B074C9D85F04BF4 /* Pods-DNTFeaturesTests.xcconfig */,
			);
			sourceTree = "<group>";
		};
		65FC169F190A69270034CA80 /* Products */ = {
			isa = PBXGroup;
			children = (
				65FC169E190A69270034CA80 /* libDNTFeatures.a */,
				65FC16AE190A69270034CA80 /* DNTFeaturesTests.xctest */,
			);
			name = Products;
			sourceTree = "<group>";
		};
		65FC16A0190A69270034CA80 /* Frameworks */ = {
			isa = PBXGroup;
			children = (
				65FC16A1190A69270034CA80 /* Foundation.framework */,
				65FC16AF190A69270034CA80 /* XCTest.framework */,
				65FC16B2190A69270034CA80 /* UIKit.framework */,
				7BB4244D744F4C318528C956 /* libPods.a */,
				C220BFE9B2274B489F3BEC7F /* libPods-DNTFeaturesTests.a */,
			);
			name = Frameworks;
			sourceTree = "<group>";
		};
		65FC16A3190A69270034CA80 /* DNTFeatures */ = {
			isa = PBXGroup;
			children = (
				65FC16A4190A69270034CA80 /* Supporting Files */,
				6551EF41190A7C3400A37B47 /* Features */,
			);
			path = DNTFeatures;
			sourceTree = "<group>";
		};
		65FC16A4190A69270034CA80 /* Supporting Files */ = {
			isa = PBXGroup;
			children = (
				65FC16A5190A69270034CA80 /* DNTFeatures-Prefix.pch */,
			);
			name = "Supporting Files";
			sourceTree = "<group>";
		};
		65FC16B7190A69270034CA80 /* DNTFeaturesTests */ = {
			isa = PBXGroup;
			children = (
				65FC16B8190A69270034CA80 /* Supporting Files */,
			);
			path = DNTFeaturesTests;
			sourceTree = "<group>";
		};
		65FC16B8190A69270034CA80 /* Supporting Files */ = {
			isa = PBXGroup;
			children = (
				65FC16B9190A69270034CA80 /* DNTFeaturesTests-Info.plist */,
				65FC16BA190A69270034CA80 /* InfoPlist.strings */,
			);
			name = "Supporting Files";
			sourceTree = "<group>";
		};
/* End PBXGroup section */

/* Begin PBXNativeTarget section */
		65FC169D190A69270034CA80 /* DNTFeatures */ = {
			isa = PBXNativeTarget;
			buildConfigurationList = 65FC16C1190A69270034CA80 /* Build configuration list for PBXNativeTarget "DNTFeatures" */;
			buildPhases = (
				9058BAE52C4E4DC780E9D261 /* Check Pods Manifest.lock */,
				65FC169A190A69270034CA80 /* Sources */,
				65FC169B190A69270034CA80 /* Frameworks */,
				65FC169C190A69270034CA80 /* CopyFiles */,
				F1DCA2B76B6642B18B42F50A /* Copy Pods Resources */,
			);
			buildRules = (
			);
			dependencies = (
			);
			name = DNTFeatures;
			productName = DNTFeatures;
			productReference = 65FC169E190A69270034CA80 /* libDNTFeatures.a */;
			productType = "com.apple.product-type.library.static";
		};
		65FC16AD190A69270034CA80 /* DNTFeaturesTests */ = {
			isa = PBXNativeTarget;
			buildConfigurationList = 65FC16C4190A69270034CA80 /* Build configuration list for PBXNativeTarget "DNTFeaturesTests" */;
			buildPhases = (
				370995D62DE740CF933725E3 /* Check Pods Manifest.lock */,
				65FC16AA190A69270034CA80 /* Sources */,
				65FC16AB190A69270034CA80 /* Frameworks */,
				65FC16AC190A69270034CA80 /* Resources */,
				E50E803EF0D8414BBA2DC905 /* Copy Pods Resources */,
			);
			buildRules = (
			);
			dependencies = (
				65FC16B5190A69270034CA80 /* PBXTargetDependency */,
			);
			name = DNTFeaturesTests;
			productName = DNTFeaturesTests;
			productReference = 65FC16AE190A69270034CA80 /* DNTFeaturesTests.xctest */;
			productType = "com.apple.product-type.bundle.unit-test";
		};
/* End PBXNativeTarget section */

/* Begin PBXProject section */
		65FC1696190A69270034CA80 /* Project object */ = {
			isa = PBXProject;
			attributes = {
				LastUpgradeCheck = 0510;
				ORGANIZATIONNAME = "Daniel Thorpe";
			};
			buildConfigurationList = 65FC1699190A69270034CA80 /* Build configuration list for PBXProject "DNTFeatures" */;
			compatibilityVersion = "Xcode 3.2";
			developmentRegion = English;
			hasScannedForEncodings = 0;
			knownRegions = (
				en,
			);
			mainGroup = 65FC1695190A69270034CA80;
			productRefGroup = 65FC169F190A69270034CA80 /* Products */;
			projectDirPath = "";
			projectRoot = "";
			targets = (
				65FC169D190A69270034CA80 /* DNTFeatures */,
				65FC16AD190A69270034CA80 /* DNTFeaturesTests */,
			);
		};
/* End PBXProject section */

/* Begin PBXResourcesBuildPhase section */
		65FC16AC190A69270034CA80 /* Resources */ = {
			isa = PBXResourcesBuildPhase;
			buildActionMask = 2147483647;
			files = (
				65FC16BC190A69270034CA80 /* InfoPlist.strings in Resources */,
			);
			runOnlyForDeploymentPostprocessing = 0;
		};
/* End PBXResourcesBuildPhase section */

/* Begin PBXShellScriptBuildPhase section */
		370995D62DE740CF933725E3 /* Check Pods Manifest.lock */ = {
			isa = PBXShellScriptBuildPhase;
			buildActionMask = 2147483647;
			files = (
			);
			inputPaths = (
			);
			name = "Check Pods Manifest.lock";
			outputPaths = (
			);
			runOnlyForDeploymentPostprocessing = 0;
			shellPath = /bin/sh;
			shellScript = "diff \"${PODS_ROOT}/../Podfile.lock\" \"${PODS_ROOT}/Manifest.lock\" > /dev/null\nif [[ $? != 0 ]] ; then\n    cat << EOM\nerror: The sandbox is not in sync with the Podfile.lock. Run 'pod install' or update your CocoaPods installation.\nEOM\n    exit 1\nfi\n";
			showEnvVarsInLog = 0;
		};
		9058BAE52C4E4DC780E9D261 /* Check Pods Manifest.lock */ = {
			isa = PBXShellScriptBuildPhase;
			buildActionMask = 2147483647;
			files = (
			);
			inputPaths = (
			);
			name = "Check Pods Manifest.lock";
			outputPaths = (
			);
			runOnlyForDeploymentPostprocessing = 0;
			shellPath = /bin/sh;
			shellScript = "diff \"${PODS_ROOT}/../Podfile.lock\" \"${PODS_ROOT}/Manifest.lock\" > /dev/null\nif [[ $? != 0 ]] ; then\n    cat << EOM\nerror: The sandbox is not in sync with the Podfile.lock. Run 'pod install' or update your CocoaPods installation.\nEOM\n    exit 1\nfi\n";
			showEnvVarsInLog = 0;
		};
		E50E803EF0D8414BBA2DC905 /* Copy Pods Resources */ = {
			isa = PBXShellScriptBuildPhase;
			buildActionMask = 2147483647;
			files = (
			);
			inputPaths = (
			);
			name = "Copy Pods Resources";
			outputPaths = (
			);
			runOnlyForDeploymentPostprocessing = 0;
			shellPath = /bin/sh;
			shellScript = "\"${SRCROOT}/Pods/Pods-DNTFeaturesTests-resources.sh\"\n";
			showEnvVarsInLog = 0;
		};
		F1DCA2B76B6642B18B42F50A /* Copy Pods Resources */ = {
			isa = PBXShellScriptBuildPhase;
			buildActionMask = 2147483647;
			files = (
			);
			inputPaths = (
			);
			name = "Copy Pods Resources";
			outputPaths = (
			);
			runOnlyForDeploymentPostprocessing = 0;
			shellPath = /bin/sh;
			shellScript = "\"${SRCROOT}/Pods/Pods-resources.sh\"\n";
			showEnvVarsInLog = 0;
		};
/* End PBXShellScriptBuildPhase section */

/* Begin PBXSourcesBuildPhase section */
		65FC169A190A69270034CA80 /* Sources */ = {
			isa = PBXSourcesBuildPhase;
			buildActionMask = 2147483647;
			files = (
				6551EF4F190A8A1300A37B47 /* DNTFeatures.m in Sources */,
				6551EF40190A7C2400A37B47 /* DNTFeature.m in Sources */,
				6551EFA5190ADD4100A37B47 /* DNTFeature+DebugSettings.m in Sources */,
				6551F01719111B1A00A37B47 /* DNTDebugSettingsDataProvider.m in Sources */,
				6551EF56190A8C0600A37B47 /* DNTToggleCell.m in Sources */,
				6551F00F191115A600A37B47 /* DNTDebugSettingsControllerDependencies.m in Sources */,
				6551EF44190A828F00A37B47 /* YapDatabase+DNTFeatures.m in Sources */,
				6551EF4C190A892800A37B47 /* DNTFeaturesDataProvider.m in Sources */,
				6551EF9C190AD21A00A37B47 /* DNTDebugSetting.m in Sources */,
				6551EFA9190AE23400A37B47 /* DNTDebugSettingsController.m in Sources */,
				6551EF48190A88BE00A37B47 /* DNTFeaturesController.m in Sources */,
				6551EFA2190AD62600A37B47 /* DNTDebugSettingSelect.m in Sources */,
				6551EF9F190AD4E900A37B47 /* DNTDebugSettingToggle.m in Sources */,
			);
			runOnlyForDeploymentPostprocessing = 0;
		};
		65FC16AA190A69270034CA80 /* Sources */ = {
			isa = PBXSourcesBuildPhase;
			buildActionMask = 2147483647;
			files = (
			);
			runOnlyForDeploymentPostprocessing = 0;
		};
/* End PBXSourcesBuildPhase section */

/* Begin PBXTargetDependency section */
		65FC16B5190A69270034CA80 /* PBXTargetDependency */ = {
			isa = PBXTargetDependency;
			target = 65FC169D190A69270034CA80 /* DNTFeatures */;
			targetProxy = 65FC16B4190A69270034CA80 /* PBXContainerItemProxy */;
		};
/* End PBXTargetDependency section */

/* Begin PBXVariantGroup section */
		65FC16BA190A69270034CA80 /* InfoPlist.strings */ = {
			isa = PBXVariantGroup;
			children = (
				65FC16BB190A69270034CA80 /* en */,
			);
			name = InfoPlist.strings;
			sourceTree = "<group>";
		};
/* End PBXVariantGroup section */

/* Begin XCBuildConfiguration section */
		65FC16BF190A69270034CA80 /* Debug */ = {
			isa = XCBuildConfiguration;
			buildSettings = {
				ALWAYS_SEARCH_USER_PATHS = NO;
				CLANG_CXX_LANGUAGE_STANDARD = "gnu++0x";
				CLANG_CXX_LIBRARY = "libc++";
				CLANG_ENABLE_MODULES = YES;
				CLANG_ENABLE_OBJC_ARC = YES;
				CLANG_WARN_BOOL_CONVERSION = YES;
				CLANG_WARN_CONSTANT_CONVERSION = YES;
				CLANG_WARN_DIRECT_OBJC_ISA_USAGE = YES_ERROR;
				CLANG_WARN_EMPTY_BODY = YES;
				CLANG_WARN_ENUM_CONVERSION = YES;
				CLANG_WARN_INT_CONVERSION = YES;
				CLANG_WARN_OBJC_ROOT_CLASS = YES_ERROR;
				CLANG_WARN__DUPLICATE_METHOD_MATCH = YES;
				COPY_PHASE_STRIP = NO;
				GCC_C_LANGUAGE_STANDARD = gnu99;
				GCC_DYNAMIC_NO_PIC = NO;
				GCC_OPTIMIZATION_LEVEL = 0;
				GCC_PREPROCESSOR_DEFINITIONS = (
					"DEBUG=1",
					"$(inherited)",
				);
				GCC_SYMBOLS_PRIVATE_EXTERN = NO;
				GCC_WARN_64_TO_32_BIT_CONVERSION = YES;
				GCC_WARN_ABOUT_RETURN_TYPE = YES_ERROR;
				GCC_WARN_UNDECLARED_SELECTOR = YES;
				GCC_WARN_UNINITIALIZED_AUTOS = YES_AGGRESSIVE;
				GCC_WARN_UNUSED_FUNCTION = YES;
				GCC_WARN_UNUSED_VARIABLE = YES;
				IPHONEOS_DEPLOYMENT_TARGET = 7.1;
				ONLY_ACTIVE_ARCH = YES;
				SDKROOT = iphoneos;
			};
			name = Debug;
		};
		65FC16C0190A69270034CA80 /* Release */ = {
			isa = XCBuildConfiguration;
			buildSettings = {
				ALWAYS_SEARCH_USER_PATHS = NO;
				CLANG_CXX_LANGUAGE_STANDARD = "gnu++0x";
				CLANG_CXX_LIBRARY = "libc++";
				CLANG_ENABLE_MODULES = YES;
				CLANG_ENABLE_OBJC_ARC = YES;
				CLANG_WARN_BOOL_CONVERSION = YES;
				CLANG_WARN_CONSTANT_CONVERSION = YES;
				CLANG_WARN_DIRECT_OBJC_ISA_USAGE = YES_ERROR;
				CLANG_WARN_EMPTY_BODY = YES;
				CLANG_WARN_ENUM_CONVERSION = YES;
				CLANG_WARN_INT_CONVERSION = YES;
				CLANG_WARN_OBJC_ROOT_CLASS = YES_ERROR;
				CLANG_WARN__DUPLICATE_METHOD_MATCH = YES;
				COPY_PHASE_STRIP = YES;
				ENABLE_NS_ASSERTIONS = NO;
				GCC_C_LANGUAGE_STANDARD = gnu99;
				GCC_WARN_64_TO_32_BIT_CONVERSION = YES;
				GCC_WARN_ABOUT_RETURN_TYPE = YES_ERROR;
				GCC_WARN_UNDECLARED_SELECTOR = YES;
				GCC_WARN_UNINITIALIZED_AUTOS = YES_AGGRESSIVE;
				GCC_WARN_UNUSED_FUNCTION = YES;
				GCC_WARN_UNUSED_VARIABLE = YES;
				IPHONEOS_DEPLOYMENT_TARGET = 7.1;
				SDKROOT = iphoneos;
				VALIDATE_PRODUCT = YES;
			};
			name = Release;
		};
		65FC16C2190A69270034CA80 /* Debug */ = {
			isa = XCBuildConfiguration;
			baseConfigurationReference = 57295270A62A4A33BDE7BDB6 /* Pods.xcconfig */;
			buildSettings = {
				DSTROOT = /tmp/DNTFeatures.dst;
				GCC_PRECOMPILE_PREFIX_HEADER = YES;
				GCC_PREFIX_HEADER = "DNTFeatures/DNTFeatures-Prefix.pch";
				OTHER_LDFLAGS = "-ObjC";
				PRODUCT_NAME = "$(TARGET_NAME)";
				SKIP_INSTALL = YES;
			};
			name = Debug;
		};
		65FC16C3190A69270034CA80 /* Release */ = {
			isa = XCBuildConfiguration;
			baseConfigurationReference = 57295270A62A4A33BDE7BDB6 /* Pods.xcconfig */;
			buildSettings = {
				DSTROOT = /tmp/DNTFeatures.dst;
				GCC_PRECOMPILE_PREFIX_HEADER = YES;
				GCC_PREFIX_HEADER = "DNTFeatures/DNTFeatures-Prefix.pch";
				OTHER_LDFLAGS = "-ObjC";
				PRODUCT_NAME = "$(TARGET_NAME)";
				SKIP_INSTALL = YES;
			};
			name = Release;
		};
		65FC16C5190A69270034CA80 /* Debug */ = {
			isa = XCBuildConfiguration;
			baseConfigurationReference = ADD192FD2B074C9D85F04BF4 /* Pods-DNTFeaturesTests.xcconfig */;
			buildSettings = {
				FRAMEWORK_SEARCH_PATHS = (
					"$(SDKROOT)/Developer/Library/Frameworks",
					"$(inherited)",
					"$(DEVELOPER_FRAMEWORKS_DIR)",
				);
				GCC_PRECOMPILE_PREFIX_HEADER = YES;
				GCC_PREFIX_HEADER = "DNTFeatures/DNTFeatures-Prefix.pch";
				GCC_PREPROCESSOR_DEFINITIONS = (
					"DEBUG=1",
					"$(inherited)",
				);
				INFOPLIST_FILE = "DNTFeaturesTests/DNTFeaturesTests-Info.plist";
				PRODUCT_NAME = "$(TARGET_NAME)";
				WRAPPER_EXTENSION = xctest;
			};
			name = Debug;
		};
		65FC16C6190A69270034CA80 /* Release */ = {
			isa = XCBuildConfiguration;
			baseConfigurationReference = ADD192FD2B074C9D85F04BF4 /* Pods-DNTFeaturesTests.xcconfig */;
			buildSettings = {
				FRAMEWORK_SEARCH_PATHS = (
					"$(SDKROOT)/Developer/Library/Frameworks",
					"$(inherited)",
					"$(DEVELOPER_FRAMEWORKS_DIR)",
				);
				GCC_PRECOMPILE_PREFIX_HEADER = YES;
				GCC_PREFIX_HEADER = "DNTFeatures/DNTFeatures-Prefix.pch";
				INFOPLIST_FILE = "DNTFeaturesTests/DNTFeaturesTests-Info.plist";
				PRODUCT_NAME = "$(TARGET_NAME)";
				WRAPPER_EXTENSION = xctest;
			};
			name = Release;
		};
/* End XCBuildConfiguration section */

/* Begin XCConfigurationList section */
		65FC1699190A69270034CA80 /* Build configuration list for PBXProject "DNTFeatures" */ = {
			isa = XCConfigurationList;
			buildConfigurations = (
				65FC16BF190A69270034CA80 /* Debug */,
				65FC16C0190A69270034CA80 /* Release */,
			);
			defaultConfigurationIsVisible = 0;
			defaultConfigurationName = Release;
		};
		65FC16C1190A69270034CA80 /* Build configuration list for PBXNativeTarget "DNTFeatures" */ = {
			isa = XCConfigurationList;
			buildConfigurations = (
				65FC16C2190A69270034CA80 /* Debug */,
				65FC16C3190A69270034CA80 /* Release */,
			);
			defaultConfigurationIsVisible = 0;
			defaultConfigurationName = Release;
		};
		65FC16C4190A69270034CA80 /* Build configuration list for PBXNativeTarget "DNTFeaturesTests" */ = {
			isa = XCConfigurationList;
			buildConfigurations = (
				65FC16C5190A69270034CA80 /* Debug */,
				65FC16C6190A69270034CA80 /* Release */,
			);
			defaultConfigurationIsVisible = 0;
			defaultConfigurationName = Release;
		};
/* End XCConfigurationList section */
	};
	rootObject = 65FC1696190A69270034CA80 /* Project object */;
}
