// !$*UTF8*$!
{
	archiveVersion = 1;
	classes = {
	};
	objectVersion = 46;
	objects = {

/* Begin PBXBuildFile section */
		54AF5DDA030E4412B6F147BB /* libPods.a in Frameworks */ = {isa = PBXBuildFile; fileRef = 9F5DE063E3B5476089976D39 /* libPods.a */; };
		6551EF64190A917100A37B47 /* Foundation.framework in Frameworks */ = {isa = PBXBuildFile; fileRef = 6551EF63190A917100A37B47 /* Foundation.framework */; };
		6551EF66190A917100A37B47 /* CoreGraphics.framework in Frameworks */ = {isa = PBXBuildFile; fileRef = 6551EF65190A917100A37B47 /* CoreGraphics.framework */; };
		6551EF68190A917100A37B47 /* UIKit.framework in Frameworks */ = {isa = PBXBuildFile; fileRef = 6551EF67190A917100A37B47 /* UIKit.framework */; };
		6551EF6E190A917100A37B47 /* InfoPlist.strings in Resources */ = {isa = PBXBuildFile; fileRef = 6551EF6C190A917100A37B47 /* InfoPlist.strings */; };
		6551EF70190A917100A37B47 /* main.m in Sources */ = {isa = PBXBuildFile; fileRef = 6551EF6F190A917100A37B47 /* main.m */; };
		6551EF74190A917100A37B47 /* DNTAppDelegate.m in Sources */ = {isa = PBXBuildFile; fileRef = 6551EF73190A917100A37B47 /* DNTAppDelegate.m */; };
		6551EF77190A917100A37B47 /* Main.storyboard in Resources */ = {isa = PBXBuildFile; fileRef = 6551EF75190A917100A37B47 /* Main.storyboard */; };
		6551EF7A190A917100A37B47 /* DNTRootViewController.m in Sources */ = {isa = PBXBuildFile; fileRef = 6551EF79190A917100A37B47 /* DNTRootViewController.m */; };
		6551EF7C190A917100A37B47 /* Images.xcassets in Resources */ = {isa = PBXBuildFile; fileRef = 6551EF7B190A917100A37B47 /* Images.xcassets */; };
		6551EF83190A917100A37B47 /* XCTest.framework in Frameworks */ = {isa = PBXBuildFile; fileRef = 6551EF82190A917100A37B47 /* XCTest.framework */; };
		6551EF84190A917100A37B47 /* Foundation.framework in Frameworks */ = {isa = PBXBuildFile; fileRef = 6551EF63190A917100A37B47 /* Foundation.framework */; };
		6551EF85190A917100A37B47 /* UIKit.framework in Frameworks */ = {isa = PBXBuildFile; fileRef = 6551EF67190A917100A37B47 /* UIKit.framework */; };
		6551EF8D190A917100A37B47 /* InfoPlist.strings in Resources */ = {isa = PBXBuildFile; fileRef = 6551EF8B190A917100A37B47 /* InfoPlist.strings */; };
		6551EF8F190A917100A37B47 /* Features_DemoTests.m in Sources */ = {isa = PBXBuildFile; fileRef = 6551EF8E190A917100A37B47 /* Features_DemoTests.m */; };
		65825AA81956116E0031AFDA /* DNTSyncManager.m in Sources */ = {isa = PBXBuildFile; fileRef = 65825AA71956116E0031AFDA /* DNTSyncManager.m */; };
/* End PBXBuildFile section */

/* Begin PBXContainerItemProxy section */
		6551EF86190A917100A37B47 /* PBXContainerItemProxy */ = {
			isa = PBXContainerItemProxy;
			containerPortal = 6551EF58190A917100A37B47 /* Project object */;
			proxyType = 1;
			remoteGlobalIDString = 6551EF5F190A917100A37B47;
			remoteInfo = "Features Demo";
		};
/* End PBXContainerItemProxy section */

/* Begin PBXFileReference section */
		6551EF60190A917100A37B47 /* Features Demo.app */ = {isa = PBXFileReference; explicitFileType = wrapper.application; includeInIndex = 0; path = "Features Demo.app"; sourceTree = BUILT_PRODUCTS_DIR; };
		6551EF63190A917100A37B47 /* Foundation.framework */ = {isa = PBXFileReference; lastKnownFileType = wrapper.framework; name = Foundation.framework; path = System/Library/Frameworks/Foundation.framework; sourceTree = SDKROOT; };
		6551EF65190A917100A37B47 /* CoreGraphics.framework */ = {isa = PBXFileReference; lastKnownFileType = wrapper.framework; name = CoreGraphics.framework; path = System/Library/Frameworks/CoreGraphics.framework; sourceTree = SDKROOT; };
		6551EF67190A917100A37B47 /* UIKit.framework */ = {isa = PBXFileReference; lastKnownFileType = wrapper.framework; name = UIKit.framework; path = System/Library/Frameworks/UIKit.framework; sourceTree = SDKROOT; };
		6551EF6B190A917100A37B47 /* Features Demo-Info.plist */ = {isa = PBXFileReference; lastKnownFileType = text.plist.xml; path = "Features Demo-Info.plist"; sourceTree = "<group>"; };
		6551EF6D190A917100A37B47 /* en */ = {isa = PBXFileReference; lastKnownFileType = text.plist.strings; name = en; path = en.lproj/InfoPlist.strings; sourceTree = "<group>"; };
		6551EF6F190A917100A37B47 /* main.m */ = {isa = PBXFileReference; lastKnownFileType = sourcecode.c.objc; path = main.m; sourceTree = "<group>"; };
		6551EF71190A917100A37B47 /* Features Demo-Prefix.pch */ = {isa = PBXFileReference; lastKnownFileType = sourcecode.c.h; path = "Features Demo-Prefix.pch"; sourceTree = "<group>"; };
		6551EF72190A917100A37B47 /* DNTAppDelegate.h */ = {isa = PBXFileReference; lastKnownFileType = sourcecode.c.h; path = DNTAppDelegate.h; sourceTree = "<group>"; };
		6551EF73190A917100A37B47 /* DNTAppDelegate.m */ = {isa = PBXFileReference; lastKnownFileType = sourcecode.c.objc; path = DNTAppDelegate.m; sourceTree = "<group>"; };
		6551EF76190A917100A37B47 /* Base */ = {isa = PBXFileReference; lastKnownFileType = file.storyboard; name = Base; path = Base.lproj/Main.storyboard; sourceTree = "<group>"; };
		6551EF78190A917100A37B47 /* DNTRootViewController.h */ = {isa = PBXFileReference; lastKnownFileType = sourcecode.c.h; path = DNTRootViewController.h; sourceTree = "<group>"; };
		6551EF79190A917100A37B47 /* DNTRootViewController.m */ = {isa = PBXFileReference; lastKnownFileType = sourcecode.c.objc; path = DNTRootViewController.m; sourceTree = "<group>"; };
		6551EF7B190A917100A37B47 /* Images.xcassets */ = {isa = PBXFileReference; lastKnownFileType = folder.assetcatalog; path = Images.xcassets; sourceTree = "<group>"; };
		6551EF81190A917100A37B47 /* Features DemoTests.xctest */ = {isa = PBXFileReference; explicitFileType = wrapper.cfbundle; includeInIndex = 0; path = "Features DemoTests.xctest"; sourceTree = BUILT_PRODUCTS_DIR; };
		6551EF82190A917100A37B47 /* XCTest.framework */ = {isa = PBXFileReference; lastKnownFileType = wrapper.framework; name = XCTest.framework; path = Library/Frameworks/XCTest.framework; sourceTree = DEVELOPER_DIR; };
		6551EF8A190A917100A37B47 /* Features DemoTests-Info.plist */ = {isa = PBXFileReference; lastKnownFileType = text.plist.xml; path = "Features DemoTests-Info.plist"; sourceTree = "<group>"; };
		6551EF8C190A917100A37B47 /* en */ = {isa = PBXFileReference; lastKnownFileType = text.plist.strings; name = en; path = en.lproj/InfoPlist.strings; sourceTree = "<group>"; };
		6551EF8E190A917100A37B47 /* Features_DemoTests.m */ = {isa = PBXFileReference; lastKnownFileType = sourcecode.c.objc; path = Features_DemoTests.m; sourceTree = "<group>"; };
		65825AA61956116E0031AFDA /* DNTSyncManager.h */ = {isa = PBXFileReference; fileEncoding = 4; lastKnownFileType = sourcecode.c.h; path = DNTSyncManager.h; sourceTree = "<group>"; };
		65825AA71956116E0031AFDA /* DNTSyncManager.m */ = {isa = PBXFileReference; fileEncoding = 4; lastKnownFileType = sourcecode.c.objc; path = DNTSyncManager.m; sourceTree = "<group>"; };
		9F5DE063E3B5476089976D39 /* libPods.a */ = {isa = PBXFileReference; explicitFileType = archive.ar; includeInIndex = 0; path = libPods.a; sourceTree = BUILT_PRODUCTS_DIR; };
		DA8699D700B74A0E86C95930 /* Pods.xcconfig */ = {isa = PBXFileReference; includeInIndex = 1; lastKnownFileType = text.xcconfig; name = Pods.xcconfig; path = Pods/Pods.xcconfig; sourceTree = "<group>"; };
/* End PBXFileReference section */

/* Begin PBXFrameworksBuildPhase section */
		6551EF5D190A917100A37B47 /* Frameworks */ = {
			isa = PBXFrameworksBuildPhase;
			buildActionMask = 2147483647;
			files = (
				6551EF66190A917100A37B47 /* CoreGraphics.framework in Frameworks */,
				6551EF68190A917100A37B47 /* UIKit.framework in Frameworks */,
				6551EF64190A917100A37B47 /* Foundation.framework in Frameworks */,
				54AF5DDA030E4412B6F147BB /* libPods.a in Frameworks */,
			);
			runOnlyForDeploymentPostprocessing = 0;
		};
		6551EF7E190A917100A37B47 /* Frameworks */ = {
			isa = PBXFrameworksBuildPhase;
			buildActionMask = 2147483647;
			files = (
				6551EF83190A917100A37B47 /* XCTest.framework in Frameworks */,
				6551EF85190A917100A37B47 /* UIKit.framework in Frameworks */,
				6551EF84190A917100A37B47 /* Foundation.framework in Frameworks */,
			);
			runOnlyForDeploymentPostprocessing = 0;
		};
/* End PBXFrameworksBuildPhase section */

/* Begin PBXGroup section */
		6551EF57190A917100A37B47 = {
			isa = PBXGroup;
			children = (
				6551EF69190A917100A37B47 /* Features Demo */,
				6551EF88190A917100A37B47 /* Features DemoTests */,
				6551EF62190A917100A37B47 /* Frameworks */,
				6551EF61190A917100A37B47 /* Products */,
				DA8699D700B74A0E86C95930 /* Pods.xcconfig */,
			);
			sourceTree = "<group>";
		};
		6551EF61190A917100A37B47 /* Products */ = {
			isa = PBXGroup;
			children = (
				6551EF60190A917100A37B47 /* Features Demo.app */,
				6551EF81190A917100A37B47 /* Features DemoTests.xctest */,
			);
			name = Products;
			sourceTree = "<group>";
		};
		6551EF62190A917100A37B47 /* Frameworks */ = {
			isa = PBXGroup;
			children = (
				6551EF63190A917100A37B47 /* Foundation.framework */,
				6551EF65190A917100A37B47 /* CoreGraphics.framework */,
				6551EF67190A917100A37B47 /* UIKit.framework */,
				6551EF82190A917100A37B47 /* XCTest.framework */,
				9F5DE063E3B5476089976D39 /* libPods.a */,
			);
			name = Frameworks;
			sourceTree = "<group>";
		};
		6551EF69190A917100A37B47 /* Features Demo */ = {
			isa = PBXGroup;
			children = (
				6551EF72190A917100A37B47 /* DNTAppDelegate.h */,
				6551EF73190A917100A37B47 /* DNTAppDelegate.m */,
				6551EF78190A917100A37B47 /* DNTRootViewController.h */,
				6551EF79190A917100A37B47 /* DNTRootViewController.m */,
				65825AA61956116E0031AFDA /* DNTSyncManager.h */,
				65825AA71956116E0031AFDA /* DNTSyncManager.m */,
				6551EF7B190A917100A37B47 /* Images.xcassets */,
				6551EF75190A917100A37B47 /* Main.storyboard */,
				6551EF6A190A917100A37B47 /* Supporting Files */,
			);
			path = "Features Demo";
			sourceTree = "<group>";
		};
		6551EF6A190A917100A37B47 /* Supporting Files */ = {
			isa = PBXGroup;
			children = (
				6551EF6B190A917100A37B47 /* Features Demo-Info.plist */,
				6551EF6C190A917100A37B47 /* InfoPlist.strings */,
				6551EF6F190A917100A37B47 /* main.m */,
				6551EF71190A917100A37B47 /* Features Demo-Prefix.pch */,
			);
			name = "Supporting Files";
			sourceTree = "<group>";
		};
		6551EF88190A917100A37B47 /* Features DemoTests */ = {
			isa = PBXGroup;
			children = (
				6551EF8E190A917100A37B47 /* Features_DemoTests.m */,
				6551EF89190A917100A37B47 /* Supporting Files */,
			);
			path = "Features DemoTests";
			sourceTree = "<group>";
		};
		6551EF89190A917100A37B47 /* Supporting Files */ = {
			isa = PBXGroup;
			children = (
				6551EF8A190A917100A37B47 /* Features DemoTests-Info.plist */,
				6551EF8B190A917100A37B47 /* InfoPlist.strings */,
			);
			name = "Supporting Files";
			sourceTree = "<group>";
		};
/* End PBXGroup section */

/* Begin PBXNativeTarget section */
		6551EF5F190A917100A37B47 /* Features Demo */ = {
			isa = PBXNativeTarget;
			buildConfigurationList = 6551EF92190A917100A37B47 /* Build configuration list for PBXNativeTarget "Features Demo" */;
			buildPhases = (
				F66639FD45B04268BF3858DB /* Check Pods Manifest.lock */,
				6551EF5C190A917100A37B47 /* Sources */,
				6551EF5D190A917100A37B47 /* Frameworks */,
				6551EF5E190A917100A37B47 /* Resources */,
				22C29C9D86FF4BF6A65CCF2C /* Copy Pods Resources */,
			);
			buildRules = (
			);
			dependencies = (
			);
			name = "Features Demo";
			productName = "Features Demo";
			productReference = 6551EF60190A917100A37B47 /* Features Demo.app */;
			productType = "com.apple.product-type.application";
		};
		6551EF80190A917100A37B47 /* Features DemoTests */ = {
			isa = PBXNativeTarget;
			buildConfigurationList = 6551EF95190A917100A37B47 /* Build configuration list for PBXNativeTarget "Features DemoTests" */;
			buildPhases = (
				6551EF7D190A917100A37B47 /* Sources */,
				6551EF7E190A917100A37B47 /* Frameworks */,
				6551EF7F190A917100A37B47 /* Resources */,
			);
			buildRules = (
			);
			dependencies = (
				6551EF87190A917100A37B47 /* PBXTargetDependency */,
			);
			name = "Features DemoTests";
			productName = "Features DemoTests";
			productReference = 6551EF81190A917100A37B47 /* Features DemoTests.xctest */;
			productType = "com.apple.product-type.bundle.unit-test";
		};
/* End PBXNativeTarget section */

/* Begin PBXProject section */
		6551EF58190A917100A37B47 /* Project object */ = {
			isa = PBXProject;
			attributes = {
				CLASSPREFIX = DNT;
				LastUpgradeCheck = 0510;
				ORGANIZATIONNAME = "Daniel Thorpe";
				TargetAttributes = {
					6551EF80190A917100A37B47 = {
						TestTargetID = 6551EF5F190A917100A37B47;
					};
				};
			};
			buildConfigurationList = 6551EF5B190A917100A37B47 /* Build configuration list for PBXProject "Features Demo" */;
			compatibilityVersion = "Xcode 3.2";
			developmentRegion = English;
			hasScannedForEncodings = 0;
			knownRegions = (
				en,
				Base,
			);
			mainGroup = 6551EF57190A917100A37B47;
			productRefGroup = 6551EF61190A917100A37B47 /* Products */;
			projectDirPath = "";
			projectRoot = "";
			targets = (
				6551EF5F190A917100A37B47 /* Features Demo */,
				6551EF80190A917100A37B47 /* Features DemoTests */,
			);
		};
/* End PBXProject section */

/* Begin PBXResourcesBuildPhase section */
		6551EF5E190A917100A37B47 /* Resources */ = {
			isa = PBXResourcesBuildPhase;
			buildActionMask = 2147483647;
			files = (
				6551EF7C190A917100A37B47 /* Images.xcassets in Resources */,
				6551EF6E190A917100A37B47 /* InfoPlist.strings in Resources */,
				6551EF77190A917100A37B47 /* Main.storyboard in Resources */,
			);
			runOnlyForDeploymentPostprocessing = 0;
		};
		6551EF7F190A917100A37B47 /* Resources */ = {
			isa = PBXResourcesBuildPhase;
			buildActionMask = 2147483647;
			files = (
				6551EF8D190A917100A37B47 /* InfoPlist.strings in Resources */,
			);
			runOnlyForDeploymentPostprocessing = 0;
		};
/* End PBXResourcesBuildPhase section */

/* Begin PBXShellScriptBuildPhase section */
		22C29C9D86FF4BF6A65CCF2C /* Copy Pods Resources */ = {
			isa = PBXShellScriptBuildPhase;
			buildActionMask = 2147483647;
			files = (
			);
			inputPaths = (
			);
			name = "Copy Pods Resources";
			outputPaths = (
			);
			runOnlyForDeploymentPostprocessing = 0;
			shellPath = /bin/sh;
			shellScript = "\"${SRCROOT}/Pods/Pods-resources.sh\"\n";
			showEnvVarsInLog = 0;
		};
		F66639FD45B04268BF3858DB /* Check Pods Manifest.lock */ = {
			isa = PBXShellScriptBuildPhase;
			buildActionMask = 2147483647;
			files = (
			);
			inputPaths = (
			);
			name = "Check Pods Manifest.lock";
			outputPaths = (
			);
			runOnlyForDeploymentPostprocessing = 0;
			shellPath = /bin/sh;
			shellScript = "diff \"${PODS_ROOT}/../Podfile.lock\" \"${PODS_ROOT}/Manifest.lock\" > /dev/null\nif [[ $? != 0 ]] ; then\n    cat << EOM\nerror: The sandbox is not in sync with the Podfile.lock. Run 'pod install' or update your CocoaPods installation.\nEOM\n    exit 1\nfi\n";
			showEnvVarsInLog = 0;
		};
/* End PBXShellScriptBuildPhase section */

/* Begin PBXSourcesBuildPhase section */
		6551EF5C190A917100A37B47 /* Sources */ = {
			isa = PBXSourcesBuildPhase;
			buildActionMask = 2147483647;
			files = (
				6551EF70190A917100A37B47 /* main.m in Sources */,
				65825AA81956116E0031AFDA /* DNTSyncManager.m in Sources */,
				6551EF7A190A917100A37B47 /* DNTRootViewController.m in Sources */,
				6551EF74190A917100A37B47 /* DNTAppDelegate.m in Sources */,
			);
			runOnlyForDeploymentPostprocessing = 0;
		};
		6551EF7D190A917100A37B47 /* Sources */ = {
			isa = PBXSourcesBuildPhase;
			buildActionMask = 2147483647;
			files = (
				6551EF8F190A917100A37B47 /* Features_DemoTests.m in Sources */,
			);
			runOnlyForDeploymentPostprocessing = 0;
		};
/* End PBXSourcesBuildPhase section */

/* Begin PBXTargetDependency section */
		6551EF87190A917100A37B47 /* PBXTargetDependency */ = {
			isa = PBXTargetDependency;
			target = 6551EF5F190A917100A37B47 /* Features Demo */;
			targetProxy = 6551EF86190A917100A37B47 /* PBXContainerItemProxy */;
		};
/* End PBXTargetDependency section */

/* Begin PBXVariantGroup section */
		6551EF6C190A917100A37B47 /* InfoPlist.strings */ = {
			isa = PBXVariantGroup;
			children = (
				6551EF6D190A917100A37B47 /* en */,
			);
			name = InfoPlist.strings;
			sourceTree = "<group>";
		};
		6551EF75190A917100A37B47 /* Main.storyboard */ = {
			isa = PBXVariantGroup;
			children = (
				6551EF76190A917100A37B47 /* Base */,
			);
			name = Main.storyboard;
			sourceTree = "<group>";
		};
		6551EF8B190A917100A37B47 /* InfoPlist.strings */ = {
			isa = PBXVariantGroup;
			children = (
				6551EF8C190A917100A37B47 /* en */,
			);
			name = InfoPlist.strings;
			sourceTree = "<group>";
		};
/* End PBXVariantGroup section */

/* Begin XCBuildConfiguration section */
		6551EF90190A917100A37B47 /* Debug */ = {
			isa = XCBuildConfiguration;
			buildSettings = {
				ALWAYS_SEARCH_USER_PATHS = NO;
				CLANG_CXX_LANGUAGE_STANDARD = "gnu++0x";
				CLANG_CXX_LIBRARY = "libc++";
				CLANG_ENABLE_MODULES = YES;
				CLANG_ENABLE_OBJC_ARC = YES;
				CLANG_WARN_BOOL_CONVERSION = YES;
				CLANG_WARN_CONSTANT_CONVERSION = YES;
				CLANG_WARN_DIRECT_OBJC_ISA_USAGE = YES_ERROR;
				CLANG_WARN_EMPTY_BODY = YES;
				CLANG_WARN_ENUM_CONVERSION = YES;
				CLANG_WARN_INT_CONVERSION = YES;
				CLANG_WARN_OBJC_ROOT_CLASS = YES_ERROR;
				CLANG_WARN__DUPLICATE_METHOD_MATCH = YES;
				"CODE_SIGN_IDENTITY[sdk=iphoneos*]" = "iPhone Developer";
				COPY_PHASE_STRIP = NO;
				GCC_C_LANGUAGE_STANDARD = gnu99;
				GCC_DYNAMIC_NO_PIC = NO;
				GCC_OPTIMIZATION_LEVEL = 0;
				GCC_PREPROCESSOR_DEFINITIONS = (
					"DEBUG=1",
					"$(inherited)",
				);
				GCC_SYMBOLS_PRIVATE_EXTERN = NO;
				GCC_WARN_64_TO_32_BIT_CONVERSION = YES;
				GCC_WARN_ABOUT_RETURN_TYPE = YES_ERROR;
				GCC_WARN_UNDECLARED_SELECTOR = YES;
				GCC_WARN_UNINITIALIZED_AUTOS = YES_AGGRESSIVE;
				GCC_WARN_UNUSED_FUNCTION = YES;
				GCC_WARN_UNUSED_VARIABLE = YES;
				IPHONEOS_DEPLOYMENT_TARGET = 7.1;
				ONLY_ACTIVE_ARCH = YES;
				SDKROOT = iphoneos;
			};
			name = Debug;
		};
		6551EF91190A917100A37B47 /* Release */ = {
			isa = XCBuildConfiguration;
			buildSettings = {
				ALWAYS_SEARCH_USER_PATHS = NO;
				CLANG_CXX_LANGUAGE_STANDARD = "gnu++0x";
				CLANG_CXX_LIBRARY = "libc++";
				CLANG_ENABLE_MODULES = YES;
				CLANG_ENABLE_OBJC_ARC = YES;
				CLANG_WARN_BOOL_CONVERSION = YES;
				CLANG_WARN_CONSTANT_CONVERSION = YES;
				CLANG_WARN_DIRECT_OBJC_ISA_USAGE = YES_ERROR;
				CLANG_WARN_EMPTY_BODY = YES;
				CLANG_WARN_ENUM_CONVERSION = YES;
				CLANG_WARN_INT_CONVERSION = YES;
				CLANG_WARN_OBJC_ROOT_CLASS = YES_ERROR;
				CLANG_WARN__DUPLICATE_METHOD_MATCH = YES;
				"CODE_SIGN_IDENTITY[sdk=iphoneos*]" = "iPhone Developer";
				COPY_PHASE_STRIP = YES;
				ENABLE_NS_ASSERTIONS = NO;
				GCC_C_LANGUAGE_STANDARD = gnu99;
				GCC_WARN_64_TO_32_BIT_CONVERSION = YES;
				GCC_WARN_ABOUT_RETURN_TYPE = YES_ERROR;
				GCC_WARN_UNDECLARED_SELECTOR = YES;
				GCC_WARN_UNINITIALIZED_AUTOS = YES_AGGRESSIVE;
				GCC_WARN_UNUSED_FUNCTION = YES;
				GCC_WARN_UNUSED_VARIABLE = YES;
				IPHONEOS_DEPLOYMENT_TARGET = 7.1;
				SDKROOT = iphoneos;
				VALIDATE_PRODUCT = YES;
			};
			name = Release;
		};
		6551EF93190A917100A37B47 /* Debug */ = {
			isa = XCBuildConfiguration;
			baseConfigurationReference = DA8699D700B74A0E86C95930 /* Pods.xcconfig */;
			buildSettings = {
				ASSETCATALOG_COMPILER_APPICON_NAME = AppIcon;
				ASSETCATALOG_COMPILER_LAUNCHIMAGE_NAME = LaunchImage;
				GCC_PRECOMPILE_PREFIX_HEADER = YES;
				GCC_PREFIX_HEADER = "Features Demo/Features Demo-Prefix.pch";
				INFOPLIST_FILE = "Features Demo/Features Demo-Info.plist";
				PRODUCT_NAME = "$(TARGET_NAME)";
				WRAPPER_EXTENSION = app;
			};
			name = Debug;
		};
		6551EF94190A917100A37B47 /* Release */ = {
			isa = XCBuildConfiguration;
			baseConfigurationReference = DA8699D700B74A0E86C95930 /* Pods.xcconfig */;
			buildSettings = {
				ASSETCATALOG_COMPILER_APPICON_NAME = AppIcon;
				ASSETCATALOG_COMPILER_LAUNCHIMAGE_NAME = LaunchImage;
				GCC_PRECOMPILE_PREFIX_HEADER = YES;
				GCC_PREFIX_HEADER = "Features Demo/Features Demo-Prefix.pch";
				INFOPLIST_FILE = "Features Demo/Features Demo-Info.plist";
				PRODUCT_NAME = "$(TARGET_NAME)";
				WRAPPER_EXTENSION = app;
			};
			name = Release;
		};
		6551EF96190A917100A37B47 /* Debug */ = {
			isa = XCBuildConfiguration;
			buildSettings = {
				BUNDLE_LOADER = "$(BUILT_PRODUCTS_DIR)/Features Demo.app/Features Demo";
				FRAMEWORK_SEARCH_PATHS = (
					"$(SDKROOT)/Developer/Library/Frameworks",
					"$(inherited)",
					"$(DEVELOPER_FRAMEWORKS_DIR)",
				);
				GCC_PRECOMPILE_PREFIX_HEADER = YES;
				GCC_PREFIX_HEADER = "Features Demo/Features Demo-Prefix.pch";
				GCC_PREPROCESSOR_DEFINITIONS = (
					"DEBUG=1",
					"$(inherited)",
				);
				INFOPLIST_FILE = "Features DemoTests/Features DemoTests-Info.plist";
				PRODUCT_NAME = "$(TARGET_NAME)";
				TEST_HOST = "$(BUNDLE_LOADER)";
				WRAPPER_EXTENSION = xctest;
			};
			name = Debug;
		};
		6551EF97190A917100A37B47 /* Release */ = {
			isa = XCBuildConfiguration;
			buildSettings = {
				BUNDLE_LOADER = "$(BUILT_PRODUCTS_DIR)/Features Demo.app/Features Demo";
				FRAMEWORK_SEARCH_PATHS = (
					"$(SDKROOT)/Developer/Library/Frameworks",
					"$(inherited)",
					"$(DEVELOPER_FRAMEWORKS_DIR)",
				);
				GCC_PRECOMPILE_PREFIX_HEADER = YES;
				GCC_PREFIX_HEADER = "Features Demo/Features Demo-Prefix.pch";
				INFOPLIST_FILE = "Features DemoTests/Features DemoTests-Info.plist";
				PRODUCT_NAME = "$(TARGET_NAME)";
				TEST_HOST = "$(BUNDLE_LOADER)";
				WRAPPER_EXTENSION = xctest;
			};
			name = Release;
		};
/* End XCBuildConfiguration section */

/* Begin XCConfigurationList section */
		6551EF5B190A917100A37B47 /* Build configuration list for PBXProject "Features Demo" */ = {
			isa = XCConfigurationList;
			buildConfigurations = (
				6551EF90190A917100A37B47 /* Debug */,
				6551EF91190A917100A37B47 /* Release */,
			);
			defaultConfigurationIsVisible = 0;
			defaultConfigurationName = Release;
		};
		6551EF92190A917100A37B47 /* Build configuration list for PBXNativeTarget "Features Demo" */ = {
			isa = XCConfigurationList;
			buildConfigurations = (
				6551EF93190A917100A37B47 /* Debug */,
				6551EF94190A917100A37B47 /* Release */,
			);
			defaultConfigurationIsVisible = 0;
			defaultConfigurationName = Release;
		};
		6551EF95190A917100A37B47 /* Build configuration list for PBXNativeTarget "Features DemoTests" */ = {
			isa = XCConfigurationList;
			buildConfigurations = (
				6551EF96190A917100A37B47 /* Debug */,
				6551EF97190A917100A37B47 /* Release */,
			);
			defaultConfigurationIsVisible = 0;
			defaultConfigurationName = Release;
		};
/* End XCConfigurationList section */
	};
	rootObject = 6551EF58190A917100A37B47 /* Project object */;
}
